// !$*UTF8*$!
{
	archiveVersion = 1;
	classes = {
	};
	objectVersion = 60;
	objects = {

/* Begin PBXBuildFile section */
		19C2F3BAB1FE59195818706A /* ConnectivityStore.swift in Sources */ = {isa = PBXBuildFile; fileRef = 767F9162FE8C37C729B25210 /* ConnectivityStore.swift */; };
		2FAD9763203C412B000D30F8 /* config.xml in Resources */ = {isa = PBXBuildFile; fileRef = 2FAD9762203C412B000D30F8 /* config.xml */; };
		310088C409A43085C57E17FA /* Foundation.framework in Frameworks */ = {isa = PBXBuildFile; fileRef = CC7B93A5D355BE963857EA47 /* Foundation.framework */; };
		3A13427D02448E5F929ADF6D /* StartView.swift in Sources */ = {isa = PBXBuildFile; fileRef = 45412CF1BD03E402075B0539 /* StartView.swift */; };
		4D22ABE92AF431CB00220026 /* CapApp-SPM in Frameworks */ = {isa = PBXBuildFile; productRef = 4D22ABE82AF431CB00220026 /* CapApp-SPM */; };
		50379B232058CBB4000EE86E /* capacitor.config.json in Resources */ = {isa = PBXBuildFile; fileRef = 50379B222058CBB4000EE86E /* capacitor.config.json */; };
		504EC3081FED79650016851F /* AppDelegate.swift in Sources */ = {isa = PBXBuildFile; fileRef = 504EC3071FED79650016851F /* AppDelegate.swift */; };
		504EC30D1FED79650016851F /* Main.storyboard in Resources */ = {isa = PBXBuildFile; fileRef = 504EC30B1FED79650016851F /* Main.storyboard */; };
		504EC30F1FED79650016851F /* Assets.xcassets in Resources */ = {isa = PBXBuildFile; fileRef = 504EC30E1FED79650016851F /* Assets.xcassets */; };
		504EC3121FED79650016851F /* LaunchScreen.storyboard in Resources */ = {isa = PBXBuildFile; fileRef = 504EC3101FED79650016851F /* LaunchScreen.storyboard */; };
		50B271D11FEDC1A000F3C39B /* public in Resources */ = {isa = PBXBuildFile; fileRef = 50B271D01FEDC1A000F3C39B /* public */; };
		5A1F0A0D2D6B4C8E90FAB123 /* MainViewController.swift in Sources */ = {isa = PBXBuildFile; fileRef = 5A1F0A0E2D6B4C8E90FAB124 /* MainViewController.swift */; };
		5DD7DCAE5220FBD0B2DE4536 /* RoutinistWidgets.swift in Sources */ = {isa = PBXBuildFile; fileRef = B91063EFDD580330A7F26F8C /* RoutinistWidgets.swift */; };
		5E0D0D6BDF219CF95F436336 /* RunIntents.swift in Sources */ = {isa = PBXBuildFile; fileRef = 89FF3ED4D62AD911570C7FE6 /* RunIntents.swift */; };
		5FCF9EA95F2DFEC28C11D58B /* SessionPagingView.swift in Sources */ = {isa = PBXBuildFile; fileRef = 21B2749A2F97E5336A146F17 /* SessionPagingView.swift */; };
		656D1C77AFEE35C5A8A445B0 /* RoutinistLiveActivity.swift in Sources */ = {isa = PBXBuildFile; fileRef = 5B4A065F1216AE62DEEBFCA8 /* RoutinistLiveActivity.swift */; };
		7AA500F0AB5F5EB8438FE01C /* Foundation.framework in Frameworks */ = {isa = PBXBuildFile; fileRef = 41BD6FFF8DD3564D271D9550 /* Foundation.framework */; };
		8CDAE9394EDB11587E047448 /* WorkoutManager.swift in Sources */ = {isa = PBXBuildFile; fileRef = 5EDB835D691C932B97A15699 /* WorkoutManager.swift */; };
		8D4669B73D18D73B50686693 /* RoutinistWatch.app in Embed Watch Content */ = {isa = PBXBuildFile; fileRef = BBF71DF048AB7910A3B04436 /* RoutinistWatch.app */; settings = {ATTRIBUTES = (RemoveHeadersOnCopy, ); }; };
		938D5D71D89B50C82DC59E30 /* Foundation.framework in Frameworks */ = {isa = PBXBuildFile; fileRef = 41BD6FFF8DD3564D271D9550 /* Foundation.framework */; };
		9DFB7E0CFD4507D8DE322BE6 /* SummaryView.swift in Sources */ = {isa = PBXBuildFile; fileRef = 98FAEC2373783EBC2122FD02 /* SummaryView.swift */; };
		A1B2C3D420260505FAFA0002 /* GoogleService-Info.plist in Resources */ = {isa = PBXBuildFile; fileRef = A1B2C3D420260505FAFA0001 /* GoogleService-Info.plist */; };
		AA464224BEED90C938E787D1 /* PixelArt.swift in Sources */ = {isa = PBXBuildFile; fileRef = 9A66BE129636BB35C571C9FD /* PixelArt.swift */; };
		AD9708F9E85B21D622C4DD5C /* RoutinistWatchApp.swift in Sources */ = {isa = PBXBuildFile; fileRef = 6C853828F10B353946C6AD25 /* RoutinistWatchApp.swift */; };
		B576A8807DC369E0B30880DC /* RunActivityAttributes.swift in Sources */ = {isa = PBXBuildFile; fileRef = 2731EBE4F331F648780584F9 /* RunActivityAttributes.swift */; };
		C0E658714DE598966FB2DBD2 /* CountdownView.swift in Sources */ = {isa = PBXBuildFile; fileRef = E9AFD58CC24CE005359EE162 /* CountdownView.swift */; };
		C1CA62FE4FEB478E0C2AE45C /* PixelParade.swift in Sources */ = {isa = PBXBuildFile; fileRef = 710F8A50AA0FBABB40B23603 /* PixelParade.swift */; };
		C55692840DEFBBC8178AC985 /* RoutinistLiveActivity.appex in Embed App Extensions */ = {isa = PBXBuildFile; fileRef = 8D5B12BDFC7142F46C8D27ED /* RoutinistLiveActivity.appex */; settings = {ATTRIBUTES = (RemoveHeadersOnCopy, ); }; };
		CC89EBA8B3E27ACFC10BFEFA /* RoutinistWidgets.appex in Embed App Extensions */ = {isa = PBXBuildFile; fileRef = 430D97E3096BF78AF213E6A3 /* RoutinistWidgets.appex */; settings = {ATTRIBUTES = (RemoveHeadersOnCopy, ); }; };
		E415645F668610801D9A3E1E /* WatchBridge.swift in Sources */ = {isa = PBXBuildFile; fileRef = 90E18CE625256E7E6D23C63F /* WatchBridge.swift */; };
		FB0DCD6176A3DEF61ED11109 /* Assets.xcassets in Resources */ = {isa = PBXBuildFile; fileRef = 6384B1BF79DC48242C7A7C47 /* Assets.xcassets */; };
/* End PBXBuildFile section */

/* Begin PBXContainerItemProxy section */
		18EDA0E334663163BDBFD15C /* PBXContainerItemProxy */ = {
			isa = PBXContainerItemProxy;
			containerPortal = 504EC2FC1FED79650016851F /* Project object */;
			proxyType = 1;
			remoteGlobalIDString = 70DC4BCCA2A9A37E1C884925;
			remoteInfo = RoutinistLiveActivity;
		};
		D0C9F604398DA88BBBC44980 /* PBXContainerItemProxy */ = {
			isa = PBXContainerItemProxy;
			containerPortal = 504EC2FC1FED79650016851F /* Project object */;
			proxyType = 1;
			remoteGlobalIDString = DB31AAA28117E229F3BA31E4;
			remoteInfo = RoutinistWidgets;
		};
		D2C29B73EF42F42A24DC921A /* PBXContainerItemProxy */ = {
			isa = PBXContainerItemProxy;
			containerPortal = 504EC2FC1FED79650016851F /* Project object */;
			proxyType = 1;
			remoteGlobalIDString = 2FA577DB5FA62B316D84180E;
			remoteInfo = RoutinistWatch;
		};
/* End PBXContainerItemProxy section */

/* Begin PBXCopyFilesBuildPhase section */
		1DA8A1D4C96240D2CFFFE4FB /* Embed App Extensions */ = {
			isa = PBXCopyFilesBuildPhase;
			buildActionMask = 2147483647;
			dstPath = "";
			dstSubfolderSpec = 13;
			files = (
				CC89EBA8B3E27ACFC10BFEFA /* RoutinistWidgets.appex in Embed App Extensions */,
			);
			name = "Embed App Extensions";
			runOnlyForDeploymentPostprocessing = 0;
		};
		589B7A1EC512F77630AA0A0C /* Embed App Extensions */ = {
			isa = PBXCopyFilesBuildPhase;
			buildActionMask = 2147483647;
			dstPath = "";
			dstSubfolderSpec = 13;
			files = (
				C55692840DEFBBC8178AC985 /* RoutinistLiveActivity.appex in Embed App Extensions */,
			);
			name = "Embed App Extensions";
			runOnlyForDeploymentPostprocessing = 0;
		};
		AB38240554CBD3FAC8199711 /* Embed Watch Content */ = {
			isa = PBXCopyFilesBuildPhase;
			buildActionMask = 2147483647;
			dstPath = "$(CONTENTS_FOLDER_PATH)/Watch";
			dstSubfolderSpec = 16;
			files = (
				8D4669B73D18D73B50686693 /* RoutinistWatch.app in Embed Watch Content */,
			);
			name = "Embed Watch Content";
			runOnlyForDeploymentPostprocessing = 0;
		};
/* End PBXCopyFilesBuildPhase section */

/* Begin PBXFileReference section */
		21B2749A2F97E5336A146F17 /* SessionPagingView.swift */ = {isa = PBXFileReference; includeInIndex = 1; lastKnownFileType = sourcecode.swift; path = SessionPagingView.swift; sourceTree = "<group>"; };
		2731EBE4F331F648780584F9 /* RunActivityAttributes.swift */ = {isa = PBXFileReference; includeInIndex = 1; lastKnownFileType = sourcecode.swift; name = RunActivityAttributes.swift; path = "../CapApp-SPM/Sources/CapApp-SPM/RunActivityAttributes.swift"; sourceTree = "<group>"; };
		2FAD9762203C412B000D30F8 /* config.xml */ = {isa = PBXFileReference; lastKnownFileType = text.xml; path = config.xml; sourceTree = "<group>"; };
		3A9CCDC0649C0E438767B4D1 /* Info.plist */ = {isa = PBXFileReference; includeInIndex = 1; lastKnownFileType = text.plist.xml; path = Info.plist; sourceTree = "<group>"; };
		41BD6FFF8DD3564D271D9550 /* Foundation.framework */ = {isa = PBXFileReference; lastKnownFileType = wrapper.framework; name = Foundation.framework; path = Platforms/WatchOS.platform/Developer/SDKs/WatchOS11.0.sdk/System/Library/Frameworks/Foundation.framework; sourceTree = DEVELOPER_DIR; };
		430D97E3096BF78AF213E6A3 /* RoutinistWidgets.appex */ = {isa = PBXFileReference; explicitFileType = "wrapper.app-extension"; includeInIndex = 0; path = RoutinistWidgets.appex; sourceTree = BUILT_PRODUCTS_DIR; };
		45412CF1BD03E402075B0539 /* StartView.swift */ = {isa = PBXFileReference; includeInIndex = 1; lastKnownFileType = sourcecode.swift; path = StartView.swift; sourceTree = "<group>"; };
		50379B222058CBB4000EE86E /* capacitor.config.json */ = {isa = PBXFileReference; fileEncoding = 4; lastKnownFileType = text.json; path = capacitor.config.json; sourceTree = "<group>"; };
		504EC3041FED79650016851F /* Routinist.app */ = {isa = PBXFileReference; explicitFileType = wrapper.application; includeInIndex = 0; path = Routinist.app; sourceTree = BUILT_PRODUCTS_DIR; };
		504EC3071FED79650016851F /* AppDelegate.swift */ = {isa = PBXFileReference; lastKnownFileType = sourcecode.swift; path = AppDelegate.swift; sourceTree = "<group>"; };
		504EC30C1FED79650016851F /* Base */ = {isa = PBXFileReference; lastKnownFileType = file.storyboard; name = Base; path = Base.lproj/Main.storyboard; sourceTree = "<group>"; };
		504EC30E1FED79650016851F /* Assets.xcassets */ = {isa = PBXFileReference; lastKnownFileType = folder.assetcatalog; path = Assets.xcassets; sourceTree = "<group>"; };
		504EC3111FED79650016851F /* Base */ = {isa = PBXFileReference; lastKnownFileType = file.storyboard; name = Base; path = Base.lproj/LaunchScreen.storyboard; sourceTree = "<group>"; };
		504EC3131FED79650016851F /* Info.plist */ = {isa = PBXFileReference; lastKnownFileType = text.plist.xml; path = Info.plist; sourceTree = "<group>"; };
		50B271D01FEDC1A000F3C39B /* public */ = {isa = PBXFileReference; lastKnownFileType = folder; path = public; sourceTree = "<group>"; };
		5A1F0A0E2D6B4C8E90FAB124 /* MainViewController.swift */ = {isa = PBXFileReference; lastKnownFileType = sourcecode.swift; path = MainViewController.swift; sourceTree = "<group>"; };
		5B4A065F1216AE62DEEBFCA8 /* RoutinistLiveActivity.swift */ = {isa = PBXFileReference; includeInIndex = 1; lastKnownFileType = sourcecode.swift; path = RoutinistLiveActivity.swift; sourceTree = "<group>"; };
		5EDB835D691C932B97A15699 /* WorkoutManager.swift */ = {isa = PBXFileReference; includeInIndex = 1; lastKnownFileType = sourcecode.swift; path = WorkoutManager.swift; sourceTree = "<group>"; };
		5EE7C1D69A0A7C787B23375F /* Info.plist */ = {isa = PBXFileReference; includeInIndex = 1; lastKnownFileType = text.plist.xml; path = Info.plist; sourceTree = "<group>"; };
		6384B1BF79DC48242C7A7C47 /* Assets.xcassets */ = {isa = PBXFileReference; includeInIndex = 1; lastKnownFileType = folder.assetcatalog; path = Assets.xcassets; sourceTree = "<group>"; };
		6A62064EA6067EC47F14CCC4 /* RoutinistWatch.entitlements */ = {isa = PBXFileReference; includeInIndex = 1; lastKnownFileType = text.plist.entitlements; path = RoutinistWatch.entitlements; sourceTree = "<group>"; };
		6C853828F10B353946C6AD25 /* RoutinistWatchApp.swift */ = {isa = PBXFileReference; includeInIndex = 1; lastKnownFileType = sourcecode.swift; path = RoutinistWatchApp.swift; sourceTree = "<group>"; };
		710F8A50AA0FBABB40B23603 /* PixelParade.swift */ = {isa = PBXFileReference; includeInIndex = 1; lastKnownFileType = sourcecode.swift; path = PixelParade.swift; sourceTree = "<group>"; };
		767F9162FE8C37C729B25210 /* ConnectivityStore.swift */ = {isa = PBXFileReference; includeInIndex = 1; lastKnownFileType = sourcecode.swift; path = ConnectivityStore.swift; sourceTree = "<group>"; };
		89FF3ED4D62AD911570C7FE6 /* RunIntents.swift */ = {isa = PBXFileReference; includeInIndex = 1; lastKnownFileType = sourcecode.swift; path = RunIntents.swift; sourceTree = "<group>"; };
		8D5B12BDFC7142F46C8D27ED /* RoutinistLiveActivity.appex */ = {isa = PBXFileReference; explicitFileType = "wrapper.app-extension"; includeInIndex = 0; path = RoutinistLiveActivity.appex; sourceTree = BUILT_PRODUCTS_DIR; };
		90E18CE625256E7E6D23C63F /* WatchBridge.swift */ = {isa = PBXFileReference; includeInIndex = 1; lastKnownFileType = sourcecode.swift; path = WatchBridge.swift; sourceTree = "<group>"; };
		958DCC722DB07C7200EA8C5F /* debug.xcconfig */ = {isa = PBXFileReference; lastKnownFileType = text.xcconfig; name = debug.xcconfig; path = ../debug.xcconfig; sourceTree = SOURCE_ROOT; };
		98FAEC2373783EBC2122FD02 /* SummaryView.swift */ = {isa = PBXFileReference; includeInIndex = 1; lastKnownFileType = sourcecode.swift; path = SummaryView.swift; sourceTree = "<group>"; };
		9A66BE129636BB35C571C9FD /* PixelArt.swift */ = {isa = PBXFileReference; includeInIndex = 1; lastKnownFileType = sourcecode.swift; path = PixelArt.swift; sourceTree = "<group>"; };
		A1B2C3D420260505FAFA0001 /* GoogleService-Info.plist */ = {isa = PBXFileReference; lastKnownFileType = text.plist.xml; path = "GoogleService-Info.plist"; sourceTree = "<group>"; };
		B91063EFDD580330A7F26F8C /* RoutinistWidgets.swift */ = {isa = PBXFileReference; includeInIndex = 1; lastKnownFileType = sourcecode.swift; path = RoutinistWidgets.swift; sourceTree = "<group>"; };
		BBF71DF048AB7910A3B04436 /* RoutinistWatch.app */ = {isa = PBXFileReference; explicitFileType = wrapper.application; includeInIndex = 0; path = RoutinistWatch.app; sourceTree = BUILT_PRODUCTS_DIR; };
		C1BD5861ACAFB46E635A56DA /* Info.plist */ = {isa = PBXFileReference; includeInIndex = 1; lastKnownFileType = text.plist.xml; path = Info.plist; sourceTree = "<group>"; };
		CC7B93A5D355BE963857EA47 /* Foundation.framework */ = {isa = PBXFileReference; lastKnownFileType = wrapper.framework; name = Foundation.framework; path = Platforms/iPhoneOS.platform/Developer/SDKs/iPhoneOS18.0.sdk/System/Library/Frameworks/Foundation.framework; sourceTree = DEVELOPER_DIR; };
		E9AFD58CC24CE005359EE162 /* CountdownView.swift */ = {isa = PBXFileReference; includeInIndex = 1; lastKnownFileType = sourcecode.swift; path = CountdownView.swift; sourceTree = "<group>"; };
/* End PBXFileReference section */

/* Begin PBXFrameworksBuildPhase section */
		504EC3011FED79650016851F /* Frameworks */ = {
			isa = PBXFrameworksBuildPhase;
			buildActionMask = 2147483647;
			files = (
				4D22ABE92AF431CB00220026 /* CapApp-SPM in Frameworks */,
			);
			runOnlyForDeploymentPostprocessing = 0;
		};
		56D9246F55C26E1A96345896 /* Frameworks */ = {
			isa = PBXFrameworksBuildPhase;
			buildActionMask = 2147483647;
			files = (
				310088C409A43085C57E17FA /* Foundation.framework in Frameworks */,
			);
			runOnlyForDeploymentPostprocessing = 0;
		};
		6F9A3FD1B23BFBDE0DE5636F /* Frameworks */ = {
			isa = PBXFrameworksBuildPhase;
			buildActionMask = 2147483647;
			files = (
				7AA500F0AB5F5EB8438FE01C /* Foundation.framework in Frameworks */,
			);
			runOnlyForDeploymentPostprocessing = 0;
		};
		75F710D8FD8BBA0C9895EA2D /* Frameworks */ = {
			isa = PBXFrameworksBuildPhase;
			buildActionMask = 2147483647;
			files = (
				938D5D71D89B50C82DC59E30 /* Foundation.framework in Frameworks */,
			);
			runOnlyForDeploymentPostprocessing = 0;
		};
/* End PBXFrameworksBuildPhase section */

/* Begin PBXGroup section */
		0977CE1019B6C456EA12B222 /* RoutinistWidgets */ = {
			isa = PBXGroup;
			children = (
				B91063EFDD580330A7F26F8C /* RoutinistWidgets.swift */,
				3A9CCDC0649C0E438767B4D1 /* Info.plist */,
			);
			name = RoutinistWidgets;
			path = RoutinistWidgets;
			sourceTree = "<group>";
		};
		3E5CD398DF03378172768560 /* RoutinistWatch */ = {
			isa = PBXGroup;
			children = (
				6C853828F10B353946C6AD25 /* RoutinistWatchApp.swift */,
				5EDB835D691C932B97A15699 /* WorkoutManager.swift */,
				45412CF1BD03E402075B0539 /* StartView.swift */,
				21B2749A2F97E5336A146F17 /* SessionPagingView.swift */,
				98FAEC2373783EBC2122FD02 /* SummaryView.swift */,
				C1BD5861ACAFB46E635A56DA /* Info.plist */,
				6A62064EA6067EC47F14CCC4 /* RoutinistWatch.entitlements */,
				6384B1BF79DC48242C7A7C47 /* Assets.xcassets */,
				9A66BE129636BB35C571C9FD /* PixelArt.swift */,
				E9AFD58CC24CE005359EE162 /* CountdownView.swift */,
				767F9162FE8C37C729B25210 /* ConnectivityStore.swift */,
				89FF3ED4D62AD911570C7FE6 /* RunIntents.swift */,
				710F8A50AA0FBABB40B23603 /* PixelParade.swift */,
			);
			name = RoutinistWatch;
			path = RoutinistWatch;
			sourceTree = "<group>";
		};
		3F8500D898586812C87E0BDB /* Frameworks */ = {
			isa = PBXGroup;
			children = (
				DAAECA4B2E1E95C14F12D91F /* watchOS */,
				56B719304108C045F5288A82 /* iOS */,
			);
			name = Frameworks;
			sourceTree = "<group>";
		};
		504EC2FB1FED79650016851F = {
			isa = PBXGroup;
			children = (
				958DCC722DB07C7200EA8C5F /* debug.xcconfig */,
				504EC3061FED79650016851F /* App */,
				504EC3051FED79650016851F /* Products */,
				3F8500D898586812C87E0BDB /* Frameworks */,
				3E5CD398DF03378172768560 /* RoutinistWatch */,
				0977CE1019B6C456EA12B222 /* RoutinistWidgets */,
				FD87FF067419C1D6D5AAF4DE /* RoutinistLiveActivity */,
			);
			sourceTree = "<group>";
		};
		504EC3051FED79650016851F /* Products */ = {
			isa = PBXGroup;
			children = (
				504EC3041FED79650016851F /* Routinist.app */,
				BBF71DF048AB7910A3B04436 /* RoutinistWatch.app */,
				430D97E3096BF78AF213E6A3 /* RoutinistWidgets.appex */,
				8D5B12BDFC7142F46C8D27ED /* RoutinistLiveActivity.appex */,
			);
			name = Products;
			sourceTree = "<group>";
		};
		504EC3061FED79650016851F /* App */ = {
			isa = PBXGroup;
			children = (
				50379B222058CBB4000EE86E /* capacitor.config.json */,
				504EC3071FED79650016851F /* AppDelegate.swift */,
				5A1F0A0E2D6B4C8E90FAB124 /* MainViewController.swift */,
				504EC30B1FED79650016851F /* Main.storyboard */,
				504EC30E1FED79650016851F /* Assets.xcassets */,
				504EC3101FED79650016851F /* LaunchScreen.storyboard */,
				504EC3131FED79650016851F /* Info.plist */,
				A1B2C3D420260505FAFA0001 /* GoogleService-Info.plist */,
				2FAD9762203C412B000D30F8 /* config.xml */,
				50B271D01FEDC1A000F3C39B /* public */,
				90E18CE625256E7E6D23C63F /* WatchBridge.swift */,
			);
			path = App;
			sourceTree = "<group>";
		};
		56B719304108C045F5288A82 /* iOS */ = {
			isa = PBXGroup;
			children = (
				CC7B93A5D355BE963857EA47 /* Foundation.framework */,
			);
			name = iOS;
			sourceTree = "<group>";
		};
		DAAECA4B2E1E95C14F12D91F /* watchOS */ = {
			isa = PBXGroup;
			children = (
				41BD6FFF8DD3564D271D9550 /* Foundation.framework */,
			);
			name = watchOS;
			sourceTree = "<group>";
		};
		FD87FF067419C1D6D5AAF4DE /* RoutinistLiveActivity */ = {
			isa = PBXGroup;
			children = (
				5B4A065F1216AE62DEEBFCA8 /* RoutinistLiveActivity.swift */,
				5EE7C1D69A0A7C787B23375F /* Info.plist */,
				2731EBE4F331F648780584F9 /* RunActivityAttributes.swift */,
			);
			name = RoutinistLiveActivity;
			path = RoutinistLiveActivity;
			sourceTree = "<group>";
		};
/* End PBXGroup section */

/* Begin PBXNativeTarget section */
		2FA577DB5FA62B316D84180E /* RoutinistWatch */ = {
			isa = PBXNativeTarget;
			buildConfigurationList = 9347E06A2C31924898E303C8 /* Build configuration list for PBXNativeTarget "RoutinistWatch" */;
			buildPhases = (
				27F859253123E08C1F765527 /* Sources */,
				6F9A3FD1B23BFBDE0DE5636F /* Frameworks */,
				E8F12A0AF8883D566F9AB182 /* Resources */,
				1DA8A1D4C96240D2CFFFE4FB /* Embed App Extensions */,
			);
			buildRules = (
			);
			dependencies = (
				DB75F59845392A23B666B206 /* PBXTargetDependency */,
			);
			name = RoutinistWatch;
			productName = RoutinistWatch;
			productReference = BBF71DF048AB7910A3B04436 /* RoutinistWatch.app */;
			productType = "com.apple.product-type.application";
		};
		504EC3031FED79650016851F /* App */ = {
			isa = PBXNativeTarget;
			buildConfigurationList = 504EC3161FED79650016851F /* Build configuration list for PBXNativeTarget "App" */;
			buildPhases = (
				504EC3001FED79650016851F /* Sources */,
				504EC3011FED79650016851F /* Frameworks */,
				504EC3021FED79650016851F /* Resources */,
				AB38240554CBD3FAC8199711 /* Embed Watch Content */,
				589B7A1EC512F77630AA0A0C /* Embed App Extensions */,
			);
			buildRules = (
			);
			dependencies = (
				221AC2C394B42CF1BF1B7DBA /* PBXTargetDependency */,
				CAAB7C1EBDE6CB73F2252758 /* PBXTargetDependency */,
			);
			name = App;
			packageProductDependencies = (
				4D22ABE82AF431CB00220026 /* CapApp-SPM */,
			);
			productName = App;
			productReference = 504EC3041FED79650016851F /* Routinist.app */;
			productType = "com.apple.product-type.application";
		};
		70DC4BCCA2A9A37E1C884925 /* RoutinistLiveActivity */ = {
			isa = PBXNativeTarget;
			buildConfigurationList = 898E85CED32441356C5492FB /* Build configuration list for PBXNativeTarget "RoutinistLiveActivity" */;
			buildPhases = (
				AAC06C8C86EA9A83BE093871 /* Sources */,
				56D9246F55C26E1A96345896 /* Frameworks */,
				CBFD98CDC8A8012EC36E30E3 /* Resources */,
			);
			buildRules = (
			);
			dependencies = (
			);
			name = RoutinistLiveActivity;
			productName = RoutinistLiveActivity;
			productReference = 8D5B12BDFC7142F46C8D27ED /* RoutinistLiveActivity.appex */;
			productType = "com.apple.product-type.app-extension";
		};
		DB31AAA28117E229F3BA31E4 /* RoutinistWidgets */ = {
			isa = PBXNativeTarget;
			buildConfigurationList = 916F5A6CAE105ED1DC531044 /* Build configuration list for PBXNativeTarget "RoutinistWidgets" */;
			buildPhases = (
				1CFDD93FBFA8D3BAC8D208AE /* Sources */,
				75F710D8FD8BBA0C9895EA2D /* Frameworks */,
				0F3B242AB4047136031A3351 /* Resources */,
			);
			buildRules = (
			);
			dependencies = (
			);
			name = RoutinistWidgets;
			productName = RoutinistWidgets;
			productReference = 430D97E3096BF78AF213E6A3 /* RoutinistWidgets.appex */;
			productType = "com.apple.product-type.app-extension";
		};
/* End PBXNativeTarget section */

/* Begin PBXProject section */
		504EC2FC1FED79650016851F /* Project object */ = {
			isa = PBXProject;
			attributes = {
				LastSwiftUpdateCheck = 0920;
				LastUpgradeCheck = 0920;
				TargetAttributes = {
					504EC3031FED79650016851F = {
						CreatedOnToolsVersion = 9.2;
						LastSwiftMigration = 1100;
						ProvisioningStyle = Automatic;
					};
				};
			};
			buildConfigurationList = 504EC2FF1FED79650016851F /* Build configuration list for PBXProject "App" */;
			compatibilityVersion = "Xcode 8.0";
			developmentRegion = en;
			hasScannedForEncodings = 0;
			knownRegions = (
				en,
				Base,
			);
			mainGroup = 504EC2FB1FED79650016851F;
			packageReferences = (
				D4C12C0A2AAA248700AAC8A2 /* XCLocalSwiftPackageReference "CapApp-SPM" */,
			);
			productRefGroup = 504EC3051FED79650016851F /* Products */;
			projectDirPath = "";
			projectRoot = "";
			targets = (
				504EC3031FED79650016851F /* App */,
				2FA577DB5FA62B316D84180E /* RoutinistWatch */,
				DB31AAA28117E229F3BA31E4 /* RoutinistWidgets */,
				70DC4BCCA2A9A37E1C884925 /* RoutinistLiveActivity */,
			);
		};
/* End PBXProject section */

/* Begin PBXResourcesBuildPhase section */
		0F3B242AB4047136031A3351 /* Resources */ = {
			isa = PBXResourcesBuildPhase;
			buildActionMask = 2147483647;
			files = (
			);
			runOnlyForDeploymentPostprocessing = 0;
		};
		504EC3021FED79650016851F /* Resources */ = {
			isa = PBXResourcesBuildPhase;
			buildActionMask = 2147483647;
			files = (
				504EC3121FED79650016851F /* LaunchScreen.storyboard in Resources */,
				50B271D11FEDC1A000F3C39B /* public in Resources */,
				504EC30F1FED79650016851F /* Assets.xcassets in Resources */,
				50379B232058CBB4000EE86E /* capacitor.config.json in Resources */,
				504EC30D1FED79650016851F /* Main.storyboard in Resources */,
				2FAD9763203C412B000D30F8 /* config.xml in Resources */,
				A1B2C3D420260505FAFA0002 /* GoogleService-Info.plist in Resources */,
			);
			runOnlyForDeploymentPostprocessing = 0;
		};
		CBFD98CDC8A8012EC36E30E3 /* Resources */ = {
			isa = PBXResourcesBuildPhase;
			buildActionMask = 2147483647;
			files = (
			);
			runOnlyForDeploymentPostprocessing = 0;
		};
		E8F12A0AF8883D566F9AB182 /* Resources */ = {
			isa = PBXResourcesBuildPhase;
			buildActionMask = 2147483647;
			files = (
				FB0DCD6176A3DEF61ED11109 /* Assets.xcassets in Resources */,
			);
			runOnlyForDeploymentPostprocessing = 0;
		};
/* End PBXResourcesBuildPhase section */

/* Begin PBXSourcesBuildPhase section */
		1CFDD93FBFA8D3BAC8D208AE /* Sources */ = {
			isa = PBXSourcesBuildPhase;
			buildActionMask = 2147483647;
			files = (
				5DD7DCAE5220FBD0B2DE4536 /* RoutinistWidgets.swift in Sources */,
			);
			runOnlyForDeploymentPostprocessing = 0;
		};
		27F859253123E08C1F765527 /* Sources */ = {
			isa = PBXSourcesBuildPhase;
			buildActionMask = 2147483647;
			files = (
				AD9708F9E85B21D622C4DD5C /* RoutinistWatchApp.swift in Sources */,
				8CDAE9394EDB11587E047448 /* WorkoutManager.swift in Sources */,
				3A13427D02448E5F929ADF6D /* StartView.swift in Sources */,
				5FCF9EA95F2DFEC28C11D58B /* SessionPagingView.swift in Sources */,
				9DFB7E0CFD4507D8DE322BE6 /* SummaryView.swift in Sources */,
				AA464224BEED90C938E787D1 /* PixelArt.swift in Sources */,
				C0E658714DE598966FB2DBD2 /* CountdownView.swift in Sources */,
				19C2F3BAB1FE59195818706A /* ConnectivityStore.swift in Sources */,
				5E0D0D6BDF219CF95F436336 /* RunIntents.swift in Sources */,
				C1CA62FE4FEB478E0C2AE45C /* PixelParade.swift in Sources */,
			);
			runOnlyForDeploymentPostprocessing = 0;
		};
		504EC3001FED79650016851F /* Sources */ = {
			isa = PBXSourcesBuildPhase;
			buildActionMask = 2147483647;
			files = (
				504EC3081FED79650016851F /* AppDelegate.swift in Sources */,
				5A1F0A0D2D6B4C8E90FAB123 /* MainViewController.swift in Sources */,
				E415645F668610801D9A3E1E /* WatchBridge.swift in Sources */,
			);
			runOnlyForDeploymentPostprocessing = 0;
		};
		AAC06C8C86EA9A83BE093871 /* Sources */ = {
			isa = PBXSourcesBuildPhase;
			buildActionMask = 2147483647;
			files = (
				656D1C77AFEE35C5A8A445B0 /* RoutinistLiveActivity.swift in Sources */,
				B576A8807DC369E0B30880DC /* RunActivityAttributes.swift in Sources */,
			);
			runOnlyForDeploymentPostprocessing = 0;
		};
/* End PBXSourcesBuildPhase section */

/* Begin PBXTargetDependency section */
		221AC2C394B42CF1BF1B7DBA /* PBXTargetDependency */ = {
			isa = PBXTargetDependency;
			name = RoutinistWatch;
			target = 2FA577DB5FA62B316D84180E /* RoutinistWatch */;
			targetProxy = D2C29B73EF42F42A24DC921A /* PBXContainerItemProxy */;
		};
		CAAB7C1EBDE6CB73F2252758 /* PBXTargetDependency */ = {
			isa = PBXTargetDependency;
			name = RoutinistLiveActivity;
			target = 70DC4BCCA2A9A37E1C884925 /* RoutinistLiveActivity */;
			targetProxy = 18EDA0E334663163BDBFD15C /* PBXContainerItemProxy */;
		};
		DB75F59845392A23B666B206 /* PBXTargetDependency */ = {
			isa = PBXTargetDependency;
			name = RoutinistWidgets;
			target = DB31AAA28117E229F3BA31E4 /* RoutinistWidgets */;
			targetProxy = D0C9F604398DA88BBBC44980 /* PBXContainerItemProxy */;
		};
/* End PBXTargetDependency section */

/* Begin PBXVariantGroup section */
		504EC30B1FED79650016851F /* Main.storyboard */ = {
			isa = PBXVariantGroup;
			children = (
				504EC30C1FED79650016851F /* Base */,
			);
			name = Main.storyboard;
			sourceTree = "<group>";
		};
		504EC3101FED79650016851F /* LaunchScreen.storyboard */ = {
			isa = PBXVariantGroup;
			children = (
				504EC3111FED79650016851F /* Base */,
			);
			name = LaunchScreen.storyboard;
			sourceTree = "<group>";
		};
/* End PBXVariantGroup section */

/* Begin XCBuildConfiguration section */
		066AD7E0803C1C0989EC1A28 /* Release */ = {
			isa = XCBuildConfiguration;
			buildSettings = {
				CODE_SIGN_STYLE = Automatic;
				CURRENT_PROJECT_VERSION = 348;
				DEVELOPMENT_TEAM = EHQP3GVR66;
				GENERATE_INFOPLIST_FILE = NO;
				INFOPLIST_FILE = RoutinistWidgets/Info.plist;
				LD_RUNPATH_SEARCH_PATHS = (
					"$(inherited)",
					"@executable_path/Frameworks",
					"@executable_path/../../Frameworks",
				);
				MARKETING_VERSION = 1.2.18;
				PRODUCT_BUNDLE_IDENTIFIER = com.routinist.app.watchkitapp.widgets;
				PRODUCT_NAME = "$(TARGET_NAME)";
				SDKROOT = watchos;
				SKIP_INSTALL = YES;
				SWIFT_VERSION = 5.0;
				TARGETED_DEVICE_FAMILY = 4;
				VALIDATE_PRODUCT = YES;
				WATCHOS_DEPLOYMENT_TARGET = 9.0;
			};
			name = Release;
		};
		504EC3141FED79650016851F /* Debug */ = {
			isa = XCBuildConfiguration;
			baseConfigurationReference = 958DCC722DB07C7200EA8C5F /* debug.xcconfig */;
			buildSettings = {
				ALWAYS_SEARCH_USER_PATHS = NO;
				CLANG_ANALYZER_NONNULL = YES;
				CLANG_ANALYZER_NUMBER_OBJECT_CONVERSION = YES_AGGRESSIVE;
				CLANG_CXX_LANGUAGE_STANDARD = "gnu++14";
				CLANG_CXX_LIBRARY = "libc++";
				CLANG_ENABLE_MODULES = YES;
				CLANG_ENABLE_OBJC_ARC = YES;
				CLANG_WARN_BLOCK_CAPTURE_AUTORELEASING = YES;
				CLANG_WARN_BOOL_CONVERSION = YES;
				CLANG_WARN_COMMA = YES;
				CLANG_WARN_CONSTANT_CONVERSION = YES;
				CLANG_WARN_DIRECT_OBJC_ISA_USAGE = YES_ERROR;
				CLANG_WARN_DOCUMENTATION_COMMENTS = YES;
				CLANG_WARN_EMPTY_BODY = YES;
				CLANG_WARN_ENUM_CONVERSION = YES;
				CLANG_WARN_INFINITE_RECURSION = YES;
				CLANG_WARN_INT_CONVERSION = YES;
				CLANG_WARN_NON_LITERAL_NULL_CONVERSION = YES;
				CLANG_WARN_OBJC_LITERAL_CONVERSION = YES;
				CLANG_WARN_OBJC_ROOT_CLASS = YES_ERROR;
				CLANG_WARN_RANGE_LOOP_ANALYSIS = YES;
				CLANG_WARN_STRICT_PROTOTYPES = YES;
				CLANG_WARN_SUSPICIOUS_MOVE = YES;
				CLANG_WARN_UNGUARDED_AVAILABILITY = YES_AGGRESSIVE;
				CLANG_WARN_UNREACHABLE_CODE = YES;
				CLANG_WARN__DUPLICATE_METHOD_MATCH = YES;
				CODE_SIGN_IDENTITY = "Apple Development";
				COPY_PHASE_STRIP = NO;
				DEBUG_INFORMATION_FORMAT = dwarf;
				ENABLE_STRICT_OBJC_MSGSEND = YES;
				ENABLE_TESTABILITY = YES;
				GCC_C_LANGUAGE_STANDARD = gnu11;
				GCC_DYNAMIC_NO_PIC = NO;
				GCC_NO_COMMON_BLOCKS = YES;
				GCC_OPTIMIZATION_LEVEL = 0;
				GCC_PREPROCESSOR_DEFINITIONS = (
					"DEBUG=1",
					"$(inherited)",
				);
				GCC_WARN_64_TO_32_BIT_CONVERSION = YES;
				GCC_WARN_ABOUT_RETURN_TYPE = YES_ERROR;
				GCC_WARN_UNDECLARED_SELECTOR = YES;
				GCC_WARN_UNINITIALIZED_AUTOS = YES_AGGRESSIVE;
				GCC_WARN_UNUSED_FUNCTION = YES;
				GCC_WARN_UNUSED_VARIABLE = YES;
				IPHONEOS_DEPLOYMENT_TARGET = 15.0;
				MTL_ENABLE_DEBUG_INFO = YES;
				ONLY_ACTIVE_ARCH = YES;
				SDKROOT = iphoneos;
				SWIFT_ACTIVE_COMPILATION_CONDITIONS = DEBUG;
				SWIFT_OPTIMIZATION_LEVEL = "-Onone";
			};
			name = Debug;
		};
		504EC3151FED79650016851F /* Release */ = {
			isa = XCBuildConfiguration;
			buildSettings = {
				ALWAYS_SEARCH_USER_PATHS = NO;
				CLANG_ANALYZER_NONNULL = YES;
				CLANG_ANALYZER_NUMBER_OBJECT_CONVERSION = YES_AGGRESSIVE;
				CLANG_CXX_LANGUAGE_STANDARD = "gnu++14";
				CLANG_CXX_LIBRARY = "libc++";
				CLANG_ENABLE_MODULES = YES;
				CLANG_ENABLE_OBJC_ARC = YES;
				CLANG_WARN_BLOCK_CAPTURE_AUTORELEASING = YES;
				CLANG_WARN_BOOL_CONVERSION = YES;
				CLANG_WARN_COMMA = YES;
				CLANG_WARN_CONSTANT_CONVERSION = YES;
				CLANG_WARN_DIRECT_OBJC_ISA_USAGE = YES_ERROR;
				CLANG_WARN_DOCUMENTATION_COMMENTS = YES;
				CLANG_WARN_EMPTY_BODY = YES;
				CLANG_WARN_ENUM_CONVERSION = YES;
				CLANG_WARN_INFINITE_RECURSION = YES;
				CLANG_WARN_INT_CONVERSION = YES;
				CLANG_WARN_NON_LITERAL_NULL_CONVERSION = YES;
				CLANG_WARN_OBJC_LITERAL_CONVERSION = YES;
				CLANG_WARN_OBJC_ROOT_CLASS = YES_ERROR;
				CLANG_WARN_RANGE_LOOP_ANALYSIS = YES;
				CLANG_WARN_STRICT_PROTOTYPES = YES;
				CLANG_WARN_SUSPICIOUS_MOVE = YES;
				CLANG_WARN_UNGUARDED_AVAILABILITY = YES_AGGRESSIVE;
				CLANG_WARN_UNREACHABLE_CODE = YES;
				CLANG_WARN__DUPLICATE_METHOD_MATCH = YES;
				CODE_SIGN_IDENTITY = "Apple Development";
				COPY_PHASE_STRIP = NO;
				DEBUG_INFORMATION_FORMAT = "dwarf-with-dsym";
				ENABLE_NS_ASSERTIONS = NO;
				ENABLE_STRICT_OBJC_MSGSEND = YES;
				GCC_C_LANGUAGE_STANDARD = gnu11;
				GCC_NO_COMMON_BLOCKS = YES;
				GCC_WARN_64_TO_32_BIT_CONVERSION = YES;
				GCC_WARN_ABOUT_RETURN_TYPE = YES_ERROR;
				GCC_WARN_UNDECLARED_SELECTOR = YES;
				GCC_WARN_UNINITIALIZED_AUTOS = YES_AGGRESSIVE;
				GCC_WARN_UNUSED_FUNCTION = YES;
				GCC_WARN_UNUSED_VARIABLE = YES;
				IPHONEOS_DEPLOYMENT_TARGET = 15.0;
				MTL_ENABLE_DEBUG_INFO = NO;
				SDKROOT = iphoneos;
				SWIFT_COMPILATION_MODE = wholemodule;
				SWIFT_OPTIMIZATION_LEVEL = "-O";
				VALIDATE_PRODUCT = YES;
			};
			name = Release;
		};
		504EC3171FED79650016851F /* Debug */ = {
			isa = XCBuildConfiguration;
			baseConfigurationReference = 958DCC722DB07C7200EA8C5F /* debug.xcconfig */;
			buildSettings = {
				ASSETCATALOG_COMPILER_APPICON_NAME = AppIcon;
				CODE_SIGN_ENTITLEMENTS = App/App.entitlements;
				CODE_SIGN_STYLE = Automatic;
				CURRENT_PROJECT_VERSION = 348;
				DEVELOPMENT_TEAM = EHQP3GVR66;
				INFOPLIST_FILE = App/Info.plist;
				IPHONEOS_DEPLOYMENT_TARGET = 15.0;
				LD_RUNPATH_SEARCH_PATHS = (
					"$(inherited)",
					"@executable_path/Frameworks",
				);
				MARKETING_VERSION = 1.2.18;
				OTHER_SWIFT_FLAGS = "$(inherited) \"-D\" \"COCOAPODS\" \"-DDEBUG\"";
				PRODUCT_BUNDLE_IDENTIFIER = com.routinist.app;
				PRODUCT_NAME = Routinist;
				SWIFT_ACTIVE_COMPILATION_CONDITIONS = DEBUG;
				SWIFT_VERSION = 5.0;
				TARGETED_DEVICE_FAMILY = "1,2";
			};
			name = Debug;
		};
		504EC3181FED79650016851F /* Release */ = {
			isa = XCBuildConfiguration;
			buildSettings = {
				ASSETCATALOG_COMPILER_APPICON_NAME = AppIcon;
				CODE_SIGN_ENTITLEMENTS = App/App.entitlements;
				CODE_SIGN_STYLE = Automatic;
				CURRENT_PROJECT_VERSION = 348;
				DEVELOPMENT_TEAM = EHQP3GVR66;
				INFOPLIST_FILE = App/Info.plist;
				IPHONEOS_DEPLOYMENT_TARGET = 15.0;
				LD_RUNPATH_SEARCH_PATHS = (
					"$(inherited)",
					"@executable_path/Frameworks",
				);
				MARKETING_VERSION = 1.2.18;
				PRODUCT_BUNDLE_IDENTIFIER = com.routinist.app;
				PRODUCT_NAME = Routinist;
				SWIFT_ACTIVE_COMPILATION_CONDITIONS = "";
				SWIFT_VERSION = 5.0;
				TARGETED_DEVICE_FAMILY = "1,2";
			};
			name = Release;
		};
		73BD6EACD517BD95A8788D5D /* Release */ = {
			isa = XCBuildConfiguration;
			buildSettings = {
				ASSETCATALOG_COMPILER_APPICON_NAME = AppIcon;
				ASSETCATALOG_COMPILER_GLOBAL_ACCENT_COLOR_NAME = AccentColor;
				CODE_SIGN_ENTITLEMENTS = RoutinistWatch/RoutinistWatch.entitlements;
				CODE_SIGN_STYLE = Automatic;
				CURRENT_PROJECT_VERSION = 348;
				DEVELOPMENT_TEAM = EHQP3GVR66;
				ENABLE_PREVIEWS = YES;
				GENERATE_INFOPLIST_FILE = NO;
				INFOPLIST_FILE = RoutinistWatch/Info.plist;
				LD_RUNPATH_SEARCH_PATHS = (
					"$(inherited)",
					"@executable_path/Frameworks",
				);
				MARKETING_VERSION = 1.2.18;
				PRODUCT_BUNDLE_IDENTIFIER = com.routinist.app.watchkitapp;
				PRODUCT_NAME = "$(TARGET_NAME)";
				SDKROOT = watchos;
				SKIP_INSTALL = YES;
				SWIFT_EMIT_LOC_STRINGS = YES;
				SWIFT_VERSION = 5.0;
				TARGETED_DEVICE_FAMILY = 4;
				VALIDATE_PRODUCT = YES;
				WATCHOS_DEPLOYMENT_TARGET = 9.0;
			};
			name = Release;
		};
		8208FA6CFC5531790D5231F3 /* Debug */ = {
			isa = XCBuildConfiguration;
			buildSettings = {
				ASSETCATALOG_COMPILER_APPICON_NAME = AppIcon;
				ASSETCATALOG_COMPILER_GLOBAL_ACCENT_COLOR_NAME = AccentColor;
				CODE_SIGN_ENTITLEMENTS = RoutinistWatch/RoutinistWatch.entitlements;
				CODE_SIGN_STYLE = Automatic;
				CURRENT_PROJECT_VERSION = 348;
				DEVELOPMENT_TEAM = EHQP3GVR66;
				ENABLE_PREVIEWS = YES;
				GENERATE_INFOPLIST_FILE = NO;
				INFOPLIST_FILE = RoutinistWatch/Info.plist;
				LD_RUNPATH_SEARCH_PATHS = (
					"$(inherited)",
					"@executable_path/Frameworks",
				);
				MARKETING_VERSION = 1.2.18;
				PRODUCT_BUNDLE_IDENTIFIER = com.routinist.app.watchkitapp;
				PRODUCT_NAME = "$(TARGET_NAME)";
				SDKROOT = watchos;
				SKIP_INSTALL = YES;
				SWIFT_EMIT_LOC_STRINGS = YES;
				SWIFT_VERSION = 5.0;
				TARGETED_DEVICE_FAMILY = 4;
				WATCHOS_DEPLOYMENT_TARGET = 9.0;
			};
			name = Debug;
		};
		8BE4806461E9080EF336CAFE /* Debug */ = {
			isa = XCBuildConfiguration;
			buildSettings = {
				CODE_SIGN_STYLE = Automatic;
				CURRENT_PROJECT_VERSION = 348;
				DEVELOPMENT_TEAM = EHQP3GVR66;
				GENERATE_INFOPLIST_FILE = NO;
				INFOPLIST_FILE = RoutinistWidgets/Info.plist;
				LD_RUNPATH_SEARCH_PATHS = (
					"$(inherited)",
					"@executable_path/Frameworks",
					"@executable_path/../../Frameworks",
				);
				MARKETING_VERSION = 1.2.18;
				PRODUCT_BUNDLE_IDENTIFIER = com.routinist.app.watchkitapp.widgets;
				PRODUCT_NAME = "$(TARGET_NAME)";
				SDKROOT = watchos;
				SKIP_INSTALL = YES;
				SWIFT_VERSION = 5.0;
				TARGETED_DEVICE_FAMILY = 4;
				WATCHOS_DEPLOYMENT_TARGET = 9.0;
			};
			name = Debug;
		};
		DC2B901579A741807F5F47F8 /* Release */ = {
			isa = XCBuildConfiguration;
			buildSettings = {
				CLANG_ENABLE_OBJC_WEAK = NO;
				CODE_SIGN_STYLE = Automatic;
				CURRENT_PROJECT_VERSION = 348;
				DEVELOPMENT_TEAM = EHQP3GVR66;
				GENERATE_INFOPLIST_FILE = NO;
				INFOPLIST_FILE = RoutinistLiveActivity/Info.plist;
				IPHONEOS_DEPLOYMENT_TARGET = 16.1;
				LD_RUNPATH_SEARCH_PATHS = (
					"$(inherited)",
					"@executable_path/Frameworks",
					"@executable_path/../../Frameworks",
				);
				MARKETING_VERSION = 1.2.18;
				PRODUCT_BUNDLE_IDENTIFIER = com.routinist.app.liveactivity;
				PRODUCT_NAME = "$(TARGET_NAME)";
				SDKROOT = iphoneos;
				SKIP_INSTALL = YES;
				SWIFT_VERSION = 5.0;
				TARGETED_DEVICE_FAMILY = "1,2";
				VALIDATE_PRODUCT = YES;
			};
			name = Release;
		};
		EA513D4EE69CC2D054E32BD6 /* Debug */ = {
			isa = XCBuildConfiguration;
			buildSettings = {
				CLANG_ENABLE_OBJC_WEAK = NO;
				CODE_SIGN_STYLE = Automatic;
				CURRENT_PROJECT_VERSION = 348;
				DEVELOPMENT_TEAM = EHQP3GVR66;
				GENERATE_INFOPLIST_FILE = NO;
				INFOPLIST_FILE = RoutinistLiveActivity/Info.plist;
				IPHONEOS_DEPLOYMENT_TARGET = 16.1;
				LD_RUNPATH_SEARCH_PATHS = (
					"$(inherited)",
					"@executable_path/Frameworks",
					"@executable_path/../../Frameworks",
				);
				MARKETING_VERSION = 1.2.18;
				PRODUCT_BUNDLE_IDENTIFIER = com.routinist.app.liveactivity;
				PRODUCT_NAME = "$(TARGET_NAME)";
				SDKROOT = iphoneos;
				SKIP_INSTALL = YES;
				SWIFT_VERSION = 5.0;
				TARGETED_DEVICE_FAMILY = "1,2";
			};
			name = Debug;
		};
/* End XCBuildConfiguration section */

/* Begin XCConfigurationList section */
		504EC2FF1FED79650016851F /* Build configuration list for PBXProject "App" */ = {
			isa = XCConfigurationList;
			buildConfigurations = (
				504EC3141FED79650016851F /* Debug */,
				504EC3151FED79650016851F /* Release */,
			);
			defaultConfigurationIsVisible = 0;
			defaultConfigurationName = Release;
		};
		504EC3161FED79650016851F /* Build configuration list for PBXNativeTarget "App" */ = {
			isa = XCConfigurationList;
			buildConfigurations = (
				504EC3171FED79650016851F /* Debug */,
				504EC3181FED79650016851F /* Release */,
			);
			defaultConfigurationIsVisible = 0;
			defaultConfigurationName = Release;
		};
		898E85CED32441356C5492FB /* Build configuration list for PBXNativeTarget "RoutinistLiveActivity" */ = {
			isa = XCConfigurationList;
			buildConfigurations = (
				DC2B901579A741807F5F47F8 /* Release */,
				EA513D4EE69CC2D054E32BD6 /* Debug */,
			);
			defaultConfigurationIsVisible = 0;
			defaultConfigurationName = Release;
		};
		916F5A6CAE105ED1DC531044 /* Build configuration list for PBXNativeTarget "RoutinistWidgets" */ = {
			isa = XCConfigurationList;
			buildConfigurations = (
				066AD7E0803C1C0989EC1A28 /* Release */,
				8BE4806461E9080EF336CAFE /* Debug */,
			);
			defaultConfigurationIsVisible = 0;
			defaultConfigurationName = Release;
		};
		9347E06A2C31924898E303C8 /* Build configuration list for PBXNativeTarget "RoutinistWatch" */ = {
			isa = XCConfigurationList;
			buildConfigurations = (
				73BD6EACD517BD95A8788D5D /* Release */,
				8208FA6CFC5531790D5231F3 /* Debug */,
			);
			defaultConfigurationIsVisible = 0;
			defaultConfigurationName = Release;
		};
/* End XCConfigurationList section */

/* Begin XCLocalSwiftPackageReference section */
		D4C12C0A2AAA248700AAC8A2 /* XCLocalSwiftPackageReference "CapApp-SPM" */ = {
			isa = XCLocalSwiftPackageReference;
			relativePath = "CapApp-SPM";
		};
/* End XCLocalSwiftPackageReference section */

/* Begin XCSwiftPackageProductDependency section */
		4D22ABE82AF431CB00220026 /* CapApp-SPM */ = {
			isa = XCSwiftPackageProductDependency;
			package = D4C12C0A2AAA248700AAC8A2 /* XCLocalSwiftPackageReference "CapApp-SPM" */;
			productName = "CapApp-SPM";
		};
/* End XCSwiftPackageProductDependency section */
	};
	rootObject = 504EC2FC1FED79650016851F /* Project object */;
}
